
Microsoft Visual Studio Solution File, Format Version 12.00
# Visual Studio 15
VisualStudioVersion = 15.0.28307.779
MinimumVisualStudioVersion = 10.0.40219.1
Project("{FAE04EC0-301F-11D3-BF4B-00C04F79EFBC}") = "TeslaFi-Import", "TeslaFi-Import\TeslaFi-Import.csproj", "{79A0C70B-6D1D-4C9F-A35A-0BB552EE58D4}"
EndProject
Global
	GlobalSection(SolutionConfigurationPlatforms) = preSolution
		Debug|Any CPU = Debug|Any CPU
		Release|Any CPU = Release|Any CPU
	EndGlobalSection
	GlobalSection(ProjectConfigurationPlatforms) = postSolution
		{79A0C70B-6D1D-4C9F-A35A-0BB552EE58D4}.Debug|Any CPU.ActiveCfg = Debug|Any CPU
		{79A0C70B-6D1D-4C9F-A35A-0BB552EE58D4}.Debug|Any CPU.Build.0 = Debug|Any CPU
		{79A0C70B-6D1D-4C9F-A35A-0BB552EE58D4}.Release|Any CPU.ActiveCfg = Release|Any CPU
		{79A0C70B-6D1D-4C9F-A35A-0BB552EE58D4}.Release|Any CPU.Build.0 = Release|Any CPU
	EndGlobalSection
	GlobalSection(SolutionProperties) = preSolution
		HideSolutionNode = FALSE
	EndGlobalSection
	GlobalSection(ExtensibilityGlobals) = postSolution
		SolutionGuid = {F71373E0-02EE-43F3-92FE-F095AC9F253C}
	EndGlobalSection
EndGlobal
