
Microsoft Visual Studio Solution File, Format Version 12.00
# Visual Studio Version 16
VisualStudioVersion = 16.0.30611.23
MinimumVisualStudioVersion = 10.0.40219.1
Project("{FAE04EC0-301F-11D3-BF4B-00C04F79EFBC}") = "Teslamate-Import", "Teslamate-Import.csproj", "{EB3F831F-8E43-4188-9937-2762B46DD67A}"
EndProject
Global
	GlobalSection(SolutionConfigurationPlatforms) = preSolution
		Debug|Any CPU = Debug|Any CPU
		Release|Any CPU = Release|Any CPU
	EndGlobalSection
	GlobalSection(ProjectConfigurationPlatforms) = postSolution
		{EB3F831F-8E43-4188-9937-2762B46DD67A}.Debug|Any CPU.ActiveCfg = Debug|Any CPU
		{EB3F831F-8E43-4188-9937-2762B46DD67A}.Debug|Any CPU.Build.0 = Debug|Any CPU
		{EB3F831F-8E43-4188-9937-2762B46DD67A}.Release|Any CPU.ActiveCfg = Release|Any CPU
		{EB3F831F-8E43-4188-9937-2762B46DD67A}.Release|Any CPU.Build.0 = Release|Any CPU
	EndGlobalSection
	GlobalSection(SolutionProperties) = preSolution
		HideSolutionNode = FALSE
	EndGlobalSection
	GlobalSection(ExtensibilityGlobals) = postSolution
		SolutionGuid = {B26C145B-7814-434F-A50C-46DC9D95BED8}
	EndGlobalSection
EndGlobal
