
Microsoft Visual Studio Solution File, Format Version 12.00
# Visual Studio Version 17
VisualStudioVersion = 17.5.002.0
MinimumVisualStudioVersion = 10.0.40219.1
Project("{9A19103F-16F7-4668-BE54-9A1E7A4F7556}") = "TeslaLogger", "TeslaLogger.csproj", "{EE2CDBD8-67BB-467C-B641-9E1CFDA449A4}"
EndProject
Project("{9A19103F-16F7-4668-BE54-9A1E7A4F7556}") = "TeslaLoggerNET8", "TeslaLoggerNET8.csproj", "{674BC405-039D-42E9-A931-05280376728E}"
EndProject
Project("{2150E333-8FDC-42A3-9474-1A3956D46DE8}") = "bin", "bin", "{F7305D81-3941-4976-810A-851400A37266}"
EndProject
Project("{2150E333-8FDC-42A3-9474-1A3956D46DE8}") = "git", "git", "{7C6CBC8F-A226-4378-93C9-BC99A4723199}"
EndProject
Project("{9A19103F-16F7-4668-BE54-9A1E7A4F7556}") = "KML_Import", "bin\git\KML_Import\KML_Import.csproj", "{00A32111-E48D-487F-A7F4-8DD37D605165}"
EndProject
Project("{9A19103F-16F7-4668-BE54-9A1E7A4F7556}") = "Logfile", "bin\git\Logfile\Logfile.csproj", "{00A4C3BA-7EA7-41BA-9501-0ACE6040DEC8}"
EndProject
Project("{9A19103F-16F7-4668-BE54-9A1E7A4F7556}") = "MQTTClient", "bin\git\MQTTClient\MQTTClient.csproj", "{227793B8-A788-4035-9060-DF5AA8F93F81}"
EndProject
Project("{9A19103F-16F7-4668-BE54-9A1E7A4F7556}") = "OSMMapGenerator", "bin\git\OSMMapGenerator\OSMMapGenerator.csproj", "{D4226EB9-3960-4D2A-8B37-47F960645156}"
EndProject
Project("{9A19103F-16F7-4668-BE54-9A1E7A4F7556}") = "TeslaFi-Import", "bin\git\TeslaFi-Import\TeslaFi-Import.csproj", "{21D49E74-BADC-4DE3-9D24-7D86FD1681F1}"
EndProject
Project("{9A19103F-16F7-4668-BE54-9A1E7A4F7556}") = "TeslaLogger", "bin\git\TeslaLogger\TeslaLogger.csproj", "{7EEFE50B-912F-4D2C-85AF-8523197908B8}"
EndProject
Project("{9A19103F-16F7-4668-BE54-9A1E7A4F7556}") = "Teslamate-Import", "bin\git\Teslamate-Import\Teslamate-Import.csproj", "{A491B25C-C325-45DF-9225-191128BE962B}"
EndProject
Project("{9A19103F-16F7-4668-BE54-9A1E7A4F7556}") = "UnitTestsTeslalogger", "bin\git\UnitTestsTeslalogger\UnitTestsTeslalogger.csproj", "{1AA8202E-A3D1-416F-BC1B-49650124D42A}"
EndProject
Project("{2150E333-8FDC-42A3-9474-1A3956D46DE8}") = "srtm", "srtm", "{2FD9784A-2DB4-4A20-BFB5-1127E41055BE}"
EndProject
Project("{2150E333-8FDC-42A3-9474-1A3956D46DE8}") = "src", "src", "{DF069DB0-55C1-4732-A7FE-A1C5B62AC3D7}"
EndProject
Project("{9A19103F-16F7-4668-BE54-9A1E7A4F7556}") = "SRTM", "bin\git\srtm\src\SRTM\SRTM.csproj", "{5D6CF09E-9BD3-443D-B88C-81C40C659855}"
EndProject
Project("{2150E333-8FDC-42A3-9474-1A3956D46DE8}") = "test", "test", "{6F2D85F7-F0F4-48AD-A8ED-BDD837A1787B}"
EndProject
Project("{9A19103F-16F7-4668-BE54-9A1E7A4F7556}") = "SRTM.Tests.Functional", "bin\git\srtm\test\SRTM.Tests.Functional\SRTM.Tests.Functional.csproj", "{036E987E-561F-408A-80D1-B42A5D40780A}"
EndProject
Global
	GlobalSection(SolutionConfigurationPlatforms) = preSolution
		Debug|Any CPU = Debug|Any CPU
		Release|Any CPU = Release|Any CPU
	EndGlobalSection
	GlobalSection(ProjectConfigurationPlatforms) = postSolution
		{EE2CDBD8-67BB-467C-B641-9E1CFDA449A4}.Debug|Any CPU.ActiveCfg = Debug|Any CPU
		{EE2CDBD8-67BB-467C-B641-9E1CFDA449A4}.Debug|Any CPU.Build.0 = Debug|Any CPU
		{EE2CDBD8-67BB-467C-B641-9E1CFDA449A4}.Release|Any CPU.ActiveCfg = Release|Any CPU
		{EE2CDBD8-67BB-467C-B641-9E1CFDA449A4}.Release|Any CPU.Build.0 = Release|Any CPU
		{674BC405-039D-42E9-A931-05280376728E}.Debug|Any CPU.ActiveCfg = Debug|Any CPU
		{674BC405-039D-42E9-A931-05280376728E}.Debug|Any CPU.Build.0 = Debug|Any CPU
		{674BC405-039D-42E9-A931-05280376728E}.Release|Any CPU.ActiveCfg = Release|Any CPU
		{674BC405-039D-42E9-A931-05280376728E}.Release|Any CPU.Build.0 = Release|Any CPU
		{00A32111-E48D-487F-A7F4-8DD37D605165}.Debug|Any CPU.ActiveCfg = Debug|Any CPU
		{00A32111-E48D-487F-A7F4-8DD37D605165}.Debug|Any CPU.Build.0 = Debug|Any CPU
		{00A32111-E48D-487F-A7F4-8DD37D605165}.Release|Any CPU.ActiveCfg = Release|Any CPU
		{00A32111-E48D-487F-A7F4-8DD37D605165}.Release|Any CPU.Build.0 = Release|Any CPU
		{00A4C3BA-7EA7-41BA-9501-0ACE6040DEC8}.Debug|Any CPU.ActiveCfg = Debug|Any CPU
		{00A4C3BA-7EA7-41BA-9501-0ACE6040DEC8}.Debug|Any CPU.Build.0 = Debug|Any CPU
		{00A4C3BA-7EA7-41BA-9501-0ACE6040DEC8}.Release|Any CPU.ActiveCfg = Release|Any CPU
		{00A4C3BA-7EA7-41BA-9501-0ACE6040DEC8}.Release|Any CPU.Build.0 = Release|Any CPU
		{227793B8-A788-4035-9060-DF5AA8F93F81}.Debug|Any CPU.ActiveCfg = Debug|Any CPU
		{227793B8-A788-4035-9060-DF5AA8F93F81}.Debug|Any CPU.Build.0 = Debug|Any CPU
		{227793B8-A788-4035-9060-DF5AA8F93F81}.Release|Any CPU.ActiveCfg = Release|Any CPU
		{227793B8-A788-4035-9060-DF5AA8F93F81}.Release|Any CPU.Build.0 = Release|Any CPU
		{D4226EB9-3960-4D2A-8B37-47F960645156}.Debug|Any CPU.ActiveCfg = Debug|Any CPU
		{D4226EB9-3960-4D2A-8B37-47F960645156}.Debug|Any CPU.Build.0 = Debug|Any CPU
		{D4226EB9-3960-4D2A-8B37-47F960645156}.Release|Any CPU.ActiveCfg = Release|Any CPU
		{D4226EB9-3960-4D2A-8B37-47F960645156}.Release|Any CPU.Build.0 = Release|Any CPU
		{21D49E74-BADC-4DE3-9D24-7D86FD1681F1}.Debug|Any CPU.ActiveCfg = Debug|Any CPU
		{21D49E74-BADC-4DE3-9D24-7D86FD1681F1}.Debug|Any CPU.Build.0 = Debug|Any CPU
		{21D49E74-BADC-4DE3-9D24-7D86FD1681F1}.Release|Any CPU.ActiveCfg = Release|Any CPU
		{21D49E74-BADC-4DE3-9D24-7D86FD1681F1}.Release|Any CPU.Build.0 = Release|Any CPU
		{7EEFE50B-912F-4D2C-85AF-8523197908B8}.Debug|Any CPU.ActiveCfg = Debug|Any CPU
		{7EEFE50B-912F-4D2C-85AF-8523197908B8}.Debug|Any CPU.Build.0 = Debug|Any CPU
		{7EEFE50B-912F-4D2C-85AF-8523197908B8}.Release|Any CPU.ActiveCfg = Release|Any CPU
		{7EEFE50B-912F-4D2C-85AF-8523197908B8}.Release|Any CPU.Build.0 = Release|Any CPU
		{A491B25C-C325-45DF-9225-191128BE962B}.Debug|Any CPU.ActiveCfg = Debug|Any CPU
		{A491B25C-C325-45DF-9225-191128BE962B}.Debug|Any CPU.Build.0 = Debug|Any CPU
		{A491B25C-C325-45DF-9225-191128BE962B}.Release|Any CPU.ActiveCfg = Release|Any CPU
		{A491B25C-C325-45DF-9225-191128BE962B}.Release|Any CPU.Build.0 = Release|Any CPU
		{1AA8202E-A3D1-416F-BC1B-49650124D42A}.Debug|Any CPU.ActiveCfg = Debug|Any CPU
		{1AA8202E-A3D1-416F-BC1B-49650124D42A}.Debug|Any CPU.Build.0 = Debug|Any CPU
		{1AA8202E-A3D1-416F-BC1B-49650124D42A}.Release|Any CPU.ActiveCfg = Release|Any CPU
		{1AA8202E-A3D1-416F-BC1B-49650124D42A}.Release|Any CPU.Build.0 = Release|Any CPU
		{5D6CF09E-9BD3-443D-B88C-81C40C659855}.Debug|Any CPU.ActiveCfg = Debug|Any CPU
		{5D6CF09E-9BD3-443D-B88C-81C40C659855}.Debug|Any CPU.Build.0 = Debug|Any CPU
		{5D6CF09E-9BD3-443D-B88C-81C40C659855}.Release|Any CPU.ActiveCfg = Release|Any CPU
		{5D6CF09E-9BD3-443D-B88C-81C40C659855}.Release|Any CPU.Build.0 = Release|Any CPU
		{036E987E-561F-408A-80D1-B42A5D40780A}.Debug|Any CPU.ActiveCfg = Debug|Any CPU
		{036E987E-561F-408A-80D1-B42A5D40780A}.Debug|Any CPU.Build.0 = Debug|Any CPU
		{036E987E-561F-408A-80D1-B42A5D40780A}.Release|Any CPU.ActiveCfg = Release|Any CPU
		{036E987E-561F-408A-80D1-B42A5D40780A}.Release|Any CPU.Build.0 = Release|Any CPU
	EndGlobalSection
	GlobalSection(SolutionProperties) = preSolution
		HideSolutionNode = FALSE
	EndGlobalSection
	GlobalSection(NestedProjects) = preSolution
		{7C6CBC8F-A226-4378-93C9-BC99A4723199} = {F7305D81-3941-4976-810A-851400A37266}
		{00A32111-E48D-487F-A7F4-8DD37D605165} = {7C6CBC8F-A226-4378-93C9-BC99A4723199}
		{00A4C3BA-7EA7-41BA-9501-0ACE6040DEC8} = {7C6CBC8F-A226-4378-93C9-BC99A4723199}
		{227793B8-A788-4035-9060-DF5AA8F93F81} = {7C6CBC8F-A226-4378-93C9-BC99A4723199}
		{D4226EB9-3960-4D2A-8B37-47F960645156} = {7C6CBC8F-A226-4378-93C9-BC99A4723199}
		{21D49E74-BADC-4DE3-9D24-7D86FD1681F1} = {7C6CBC8F-A226-4378-93C9-BC99A4723199}
		{7EEFE50B-912F-4D2C-85AF-8523197908B8} = {7C6CBC8F-A226-4378-93C9-BC99A4723199}
		{A491B25C-C325-45DF-9225-191128BE962B} = {7C6CBC8F-A226-4378-93C9-BC99A4723199}
		{1AA8202E-A3D1-416F-BC1B-49650124D42A} = {7C6CBC8F-A226-4378-93C9-BC99A4723199}
		{2FD9784A-2DB4-4A20-BFB5-1127E41055BE} = {7C6CBC8F-A226-4378-93C9-BC99A4723199}
		{DF069DB0-55C1-4732-A7FE-A1C5B62AC3D7} = {2FD9784A-2DB4-4A20-BFB5-1127E41055BE}
		{5D6CF09E-9BD3-443D-B88C-81C40C659855} = {DF069DB0-55C1-4732-A7FE-A1C5B62AC3D7}
		{6F2D85F7-F0F4-48AD-A8ED-BDD837A1787B} = {2FD9784A-2DB4-4A20-BFB5-1127E41055BE}
		{036E987E-561F-408A-80D1-B42A5D40780A} = {6F2D85F7-F0F4-48AD-A8ED-BDD837A1787B}
	EndGlobalSection
	GlobalSection(ExtensibilityGlobals) = postSolution
		SolutionGuid = {AB9C1E11-75C6-4EBA-858C-70BC28FBDB61}
	EndGlobalSection
EndGlobal
